
Microsoft Visual Studio Solution File, Format Version 12.00
# Visual Studio Version 16
VisualStudioVersion = 16.0.32002.261
MinimumVisualStudioVersion = 10.0.40219.1
Project("{FAE04EC0-301F-11D3-BF4B-00C04F79EFBC}") = "EshopApi", "EshopApi\EshopApi.csproj", "{8E0120E9-8F38-4492-B44B-DE4363415908}"
EndProject
Global
	GlobalSection(SolutionConfigurationPlatforms) = preSolution
		Debug|Any CPU = Debug|Any CPU
		Release|Any CPU = Release|Any CPU
	EndGlobalSection
	GlobalSection(ProjectConfigurationPlatforms) = postSolution
		{8E0120E9-8F38-4492-B44B-DE4363415908}.Debug|Any CPU.ActiveCfg = Debug|Any CPU
		{8E0120E9-8F38-4492-B44B-DE4363415908}.Debug|Any CPU.Build.0 = Debug|Any CPU
		{8E0120E9-8F38-4492-B44B-DE4363415908}.Release|Any CPU.ActiveCfg = Release|Any CPU
		{8E0120E9-8F38-4492-B44B-DE4363415908}.Release|Any CPU.Build.0 = Release|Any CPU
	EndGlobalSection
	GlobalSection(SolutionProperties) = preSolution
		HideSolutionNode = FALSE
	EndGlobalSection
	GlobalSection(ExtensibilityGlobals) = postSolution
		SolutionGuid = {14BBC997-D8D7-44E2-AC13-ED98A41AE0E1}
	EndGlobalSection
EndGlobal
